
Microsoft Visual Studio Solution File, Format Version 12.00
# Visual Studio Version 17
VisualStudioVersion = 17.5.33516.290
MinimumVisualStudioVersion = 10.0.40219.1
Project("{9A19103F-16F7-4668-BE54-9A1E7A4F7556}") = "Netsuite.BPIIntegration", "Netsuite.BPIIntegration\Netsuite.BPIIntegration.csproj", "{9C45C1FD-33A9-43DB-98F4-48DEE63612AF}"
EndProject
Project("{9A19103F-16F7-4668-BE54-9A1E7A4F7556}") = "NetSuite.Testing", "NetSuite.Testing\NetSuite.Testing.csproj", "{A77B1580-0146-4A05-ADA1-5878F17AE8B4}"
EndProject
Project("{9A19103F-16F7-4668-BE54-9A1E7A4F7556}") = "Netsuite.Core", "Netsuite.Core\Netsuite.Core.csproj", "{52B8FA3C-9FD3-4F6B-BD6C-FEBC8F50B69E}"
EndProject
Project("{9A19103F-16F7-4668-BE54-9A1E7A4F7556}") = "Netsuite.Services", "Netsuite.Services\Netsuite.Services.csproj", "{F00E8F11-DF6A-42DA-B3E4-C76667C6095A}"
EndProject
Project("{FAE04EC0-301F-11D3-BF4B-00C04F79EFBC}") = "NetSuiteTriggerFunction.BPIIntegration", "NetSuiteTriggerFunction.BPIIntegration\NetSuiteTriggerFunction.BPIIntegration.csproj", "{EE72F582-B287-4772-AD88-20C9D08E50E9}"
EndProject
Global
	GlobalSection(SolutionConfigurationPlatforms) = preSolution
		Debug|Any CPU = Debug|Any CPU
		Release|Any CPU = Release|Any CPU
	EndGlobalSection
	GlobalSection(ProjectConfigurationPlatforms) = postSolution
		{9C45C1FD-33A9-43DB-98F4-48DEE63612AF}.Debug|Any CPU.ActiveCfg = Debug|Any CPU
		{9C45C1FD-33A9-43DB-98F4-48DEE63612AF}.Debug|Any CPU.Build.0 = Debug|Any CPU
		{9C45C1FD-33A9-43DB-98F4-48DEE63612AF}.Release|Any CPU.ActiveCfg = Release|Any CPU
		{9C45C1FD-33A9-43DB-98F4-48DEE63612AF}.Release|Any CPU.Build.0 = Release|Any CPU
		{A77B1580-0146-4A05-ADA1-5878F17AE8B4}.Debug|Any CPU.ActiveCfg = Debug|Any CPU
		{A77B1580-0146-4A05-ADA1-5878F17AE8B4}.Debug|Any CPU.Build.0 = Debug|Any CPU
		{A77B1580-0146-4A05-ADA1-5878F17AE8B4}.Release|Any CPU.ActiveCfg = Release|Any CPU
		{A77B1580-0146-4A05-ADA1-5878F17AE8B4}.Release|Any CPU.Build.0 = Release|Any CPU
		{52B8FA3C-9FD3-4F6B-BD6C-FEBC8F50B69E}.Debug|Any CPU.ActiveCfg = Debug|Any CPU
		{52B8FA3C-9FD3-4F6B-BD6C-FEBC8F50B69E}.Debug|Any CPU.Build.0 = Debug|Any CPU
		{52B8FA3C-9FD3-4F6B-BD6C-FEBC8F50B69E}.Release|Any CPU.ActiveCfg = Release|Any CPU
		{52B8FA3C-9FD3-4F6B-BD6C-FEBC8F50B69E}.Release|Any CPU.Build.0 = Release|Any CPU
		{F00E8F11-DF6A-42DA-B3E4-C76667C6095A}.Debug|Any CPU.ActiveCfg = Debug|Any CPU
		{F00E8F11-DF6A-42DA-B3E4-C76667C6095A}.Debug|Any CPU.Build.0 = Debug|Any CPU
		{F00E8F11-DF6A-42DA-B3E4-C76667C6095A}.Release|Any CPU.ActiveCfg = Release|Any CPU
		{F00E8F11-DF6A-42DA-B3E4-C76667C6095A}.Release|Any CPU.Build.0 = Release|Any CPU
		{EE72F582-B287-4772-AD88-20C9D08E50E9}.Debug|Any CPU.ActiveCfg = Debug|Any CPU
		{EE72F582-B287-4772-AD88-20C9D08E50E9}.Debug|Any CPU.Build.0 = Debug|Any CPU
		{EE72F582-B287-4772-AD88-20C9D08E50E9}.Release|Any CPU.ActiveCfg = Release|Any CPU
		{EE72F582-B287-4772-AD88-20C9D08E50E9}.Release|Any CPU.Build.0 = Release|Any CPU
	EndGlobalSection
	GlobalSection(SolutionProperties) = preSolution
		HideSolutionNode = FALSE
	EndGlobalSection
	GlobalSection(ExtensibilityGlobals) = postSolution
		SolutionGuid = {05BAB3C4-5D2C-4B92-AAF6-165501940B66}
	EndGlobalSection
EndGlobal
